
Microsoft Visual Studio Solution File, Format Version 12.00
# Visual Studio Version 17
VisualStudioVersion = 17.2.32630.192
MinimumVisualStudioVersion = 10.0.40219.1
Project("{FAE04EC0-301F-11D3-BF4B-00C04F79EFBC}") = "KdvVergiOrnek", "KdvVergiOrnek\KdvVergiOrnek.csproj", "{A560AAE0-AEFE-4E1C-81B5-B1183793350D}"
EndProject
Global
	GlobalSection(SolutionConfigurationPlatforms) = preSolution
		Debug|Any CPU = Debug|Any CPU
		Release|Any CPU = Release|Any CPU
	EndGlobalSection
	GlobalSection(ProjectConfigurationPlatforms) = postSolution
		{A560AAE0-AEFE-4E1C-81B5-B1183793350D}.Debug|Any CPU.ActiveCfg = Debug|Any CPU
		{A560AAE0-AEFE-4E1C-81B5-B1183793350D}.Debug|Any CPU.Build.0 = Debug|Any CPU
		{A560AAE0-AEFE-4E1C-81B5-B1183793350D}.Release|Any CPU.ActiveCfg = Release|Any CPU
		{A560AAE0-AEFE-4E1C-81B5-B1183793350D}.Release|Any CPU.Build.0 = Release|Any CPU
	EndGlobalSection
	GlobalSection(SolutionProperties) = preSolution
		HideSolutionNode = FALSE
	EndGlobalSection
	GlobalSection(ExtensibilityGlobals) = postSolution
		SolutionGuid = {F2D88E19-B482-4416-AAFB-7E5D655AB1D9}
	EndGlobalSection
EndGlobal
