
Microsoft Visual Studio Solution File, Format Version 12.00
# Visual Studio Version 17
VisualStudioVersion = 17.2.32630.192
MinimumVisualStudioVersion = 10.0.40219.1
Project("{FAE04EC0-301F-11D3-BF4B-00C04F79EFBC}") = "MaskedtextPictureboxDatatimepicker", "MaskedtextPictureboxDatatimepicker\MaskedtextPictureboxDatatimepicker.csproj", "{71FF15A8-2FBD-4683-A8CC-F7B9BD0AF779}"
EndProject
Global
	GlobalSection(SolutionConfigurationPlatforms) = preSolution
		Debug|Any CPU = Debug|Any CPU
		Release|Any CPU = Release|Any CPU
	EndGlobalSection
	GlobalSection(ProjectConfigurationPlatforms) = postSolution
		{71FF15A8-2FBD-4683-A8CC-F7B9BD0AF779}.Debug|Any CPU.ActiveCfg = Debug|Any CPU
		{71FF15A8-2FBD-4683-A8CC-F7B9BD0AF779}.Debug|Any CPU.Build.0 = Debug|Any CPU
		{71FF15A8-2FBD-4683-A8CC-F7B9BD0AF779}.Release|Any CPU.ActiveCfg = Release|Any CPU
		{71FF15A8-2FBD-4683-A8CC-F7B9BD0AF779}.Release|Any CPU.Build.0 = Release|Any CPU
	EndGlobalSection
	GlobalSection(SolutionProperties) = preSolution
		HideSolutionNode = FALSE
	EndGlobalSection
	GlobalSection(ExtensibilityGlobals) = postSolution
		SolutionGuid = {3E3D0FAB-F7E1-436B-8EF2-995DD430E5CA}
	EndGlobalSection
EndGlobal
