
Microsoft Visual Studio Solution File, Format Version 12.00
# Visual Studio Version 17
VisualStudioVersion = 17.2.32630.192
MinimumVisualStudioVersion = 10.0.40219.1
Project("{FAE04EC0-301F-11D3-BF4B-00C04F79EFBC}") = "Bilgi_Yarismasi", "Bilgi_Yarismasi\Bilgi_Yarismasi.csproj", "{0D124067-7C47-4B22-A009-0B66F8AE0EA4}"
EndProject
Global
	GlobalSection(SolutionConfigurationPlatforms) = preSolution
		Debug|Any CPU = Debug|Any CPU
		Release|Any CPU = Release|Any CPU
	EndGlobalSection
	GlobalSection(ProjectConfigurationPlatforms) = postSolution
		{0D124067-7C47-4B22-A009-0B66F8AE0EA4}.Debug|Any CPU.ActiveCfg = Debug|Any CPU
		{0D124067-7C47-4B22-A009-0B66F8AE0EA4}.Debug|Any CPU.Build.0 = Debug|Any CPU
		{0D124067-7C47-4B22-A009-0B66F8AE0EA4}.Release|Any CPU.ActiveCfg = Release|Any CPU
		{0D124067-7C47-4B22-A009-0B66F8AE0EA4}.Release|Any CPU.Build.0 = Release|Any CPU
	EndGlobalSection
	GlobalSection(SolutionProperties) = preSolution
		HideSolutionNode = FALSE
	EndGlobalSection
	GlobalSection(ExtensibilityGlobals) = postSolution
		SolutionGuid = {14A07A18-373A-4C86-8FDB-750F9C71D6FA}
	EndGlobalSection
EndGlobal
