
Microsoft Visual Studio Solution File, Format Version 12.00
# Visual Studio Version 17
VisualStudioVersion = 17.2.32630.192
MinimumVisualStudioVersion = 10.0.40219.1
Project("{FAE04EC0-301F-11D3-BF4B-00C04F79EFBC}") = "PastaPisirme", "PastaPisirme\PastaPisirme.csproj", "{057DD633-1B90-469C-A94D-8ACC435E996E}"
EndProject
Global
	GlobalSection(SolutionConfigurationPlatforms) = preSolution
		Debug|Any CPU = Debug|Any CPU
		Release|Any CPU = Release|Any CPU
	EndGlobalSection
	GlobalSection(ProjectConfigurationPlatforms) = postSolution
		{057DD633-1B90-469C-A94D-8ACC435E996E}.Debug|Any CPU.ActiveCfg = Debug|Any CPU
		{057DD633-1B90-469C-A94D-8ACC435E996E}.Debug|Any CPU.Build.0 = Debug|Any CPU
		{057DD633-1B90-469C-A94D-8ACC435E996E}.Release|Any CPU.ActiveCfg = Release|Any CPU
		{057DD633-1B90-469C-A94D-8ACC435E996E}.Release|Any CPU.Build.0 = Release|Any CPU
	EndGlobalSection
	GlobalSection(SolutionProperties) = preSolution
		HideSolutionNode = FALSE
	EndGlobalSection
	GlobalSection(ExtensibilityGlobals) = postSolution
		SolutionGuid = {55030DD1-9C67-4A91-8A68-CC3B5FFF5840}
	EndGlobalSection
EndGlobal
